// !$*UTF8*$!
{
	archiveVersion = 1;
	classes = {
	};
	objectVersion = 50;
	objects = {

/* Begin PBXBuildFile section */
		576341FB20C2012B00D612BF /* AppDelegate.swift in Sources */ = {isa = PBXBuildFile; fileRef = 576341FA20C2012B00D612BF /* AppDelegate.swift */; };
		576341FD20C2012B00D612BF /* ViewController.swift in Sources */ = {isa = PBXBuildFile; fileRef = 576341FC20C2012B00D612BF /* ViewController.swift */; };
		5763420020C2012B00D612BF /* Main.storyboard in Resources */ = {isa = PBXBuildFile; fileRef = 576341FE20C2012B00D612BF /* Main.storyboard */; };
		5763420220C2012B00D612BF /* Assets.xcassets in Resources */ = {isa = PBXBuildFile; fileRef = 5763420120C2012B00D612BF /* Assets.xcassets */; };
		5763420520C2012B00D612BF /* LaunchScreen.storyboard in Resources */ = {isa = PBXBuildFile; fileRef = 5763420320C2012B00D612BF /* LaunchScreen.storyboard */; };
		5763421020C2012C00D612BF /* CampeoesDasCopasTests.swift in Sources */ = {isa = PBXBuildFile; fileRef = 5763420F20C2012C00D612BF /* CampeoesDasCopasTests.swift */; };
		5763421B20C2012C00D612BF /* CampeoesDasCopasUITests.swift in Sources */ = {isa = PBXBuildFile; fileRef = 5763421A20C2012C00D612BF /* CampeoesDasCopasUITests.swift */; };
/* End PBXBuildFile section */

/* Begin PBXContainerItemProxy section */
		5763420C20C2012C00D612BF /* PBXContainerItemProxy */ = {
			isa = PBXContainerItemProxy;
			containerPortal = 576341EF20C2012B00D612BF /* Project object */;
			proxyType = 1;
			remoteGlobalIDString = 576341F620C2012B00D612BF;
			remoteInfo = CampeoesDasCopas;
		};
		5763421720C2012C00D612BF /* PBXContainerItemProxy */ = {
			isa = PBXContainerItemProxy;
			containerPortal = 576341EF20C2012B00D612BF /* Project object */;
			proxyType = 1;
			remoteGlobalIDString = 576341F620C2012B00D612BF;
			remoteInfo = CampeoesDasCopas;
		};
/* End PBXContainerItemProxy section */

/* Begin PBXFileReference section */
		576341F720C2012B00D612BF /* CampeoesDasCopas.app */ = {isa = PBXFileReference; explicitFileType = wrapper.application; includeInIndex = 0; path = CampeoesDasCopas.app; sourceTree = BUILT_PRODUCTS_DIR; };
		576341FA20C2012B00D612BF /* AppDelegate.swift */ = {isa = PBXFileReference; lastKnownFileType = sourcecode.swift; path = AppDelegate.swift; sourceTree = "<group>"; };
		576341FC20C2012B00D612BF /* ViewController.swift */ = {isa = PBXFileReference; lastKnownFileType = sourcecode.swift; path = ViewController.swift; sourceTree = "<group>"; };
		576341FF20C2012B00D612BF /* Base */ = {isa = PBXFileReference; lastKnownFileType = file.storyboard; name = Base; path = Base.lproj/Main.storyboard; sourceTree = "<group>"; };
		5763420120C2012B00D612BF /* Assets.xcassets */ = {isa = PBXFileReference; lastKnownFileType = folder.assetcatalog; path = Assets.xcassets; sourceTree = "<group>"; };
		5763420420C2012B00D612BF /* Base */ = {isa = PBXFileReference; lastKnownFileType = file.storyboard; name = Base; path = Base.lproj/LaunchScreen.storyboard; sourceTree = "<group>"; };
		5763420620C2012B00D612BF /* Info.plist */ = {isa = PBXFileReference; lastKnownFileType = text.plist.xml; path = Info.plist; sourceTree = "<group>"; };
		5763420B20C2012C00D612BF /* CampeoesDasCopasTests.xctest */ = {isa = PBXFileReference; explicitFileType = wrapper.cfbundle; includeInIndex = 0; path = CampeoesDasCopasTests.xctest; sourceTree = BUILT_PRODUCTS_DIR; };
		5763420F20C2012C00D612BF /* CampeoesDasCopasTests.swift */ = {isa = PBXFileReference; lastKnownFileType = sourcecode.swift; path = CampeoesDasCopasTests.swift; sourceTree = "<group>"; };
		5763421120C2012C00D612BF /* Info.plist */ = {isa = PBXFileReference; lastKnownFileType = text.plist.xml; path = Info.plist; sourceTree = "<group>"; };
		5763421620C2012C00D612BF /* CampeoesDasCopasUITests.xctest */ = {isa = PBXFileReference; explicitFileType = wrapper.cfbundle; includeInIndex = 0; path = CampeoesDasCopasUITests.xctest; sourceTree = BUILT_PRODUCTS_DIR; };
		5763421A20C2012C00D612BF /* CampeoesDasCopasUITests.swift */ = {isa = PBXFileReference; lastKnownFileType = sourcecode.swift; path = CampeoesDasCopasUITests.swift; sourceTree = "<group>"; };
		5763421C20C2012C00D612BF /* Info.plist */ = {isa = PBXFileReference; lastKnownFileType = text.plist.xml; path = Info.plist; sourceTree = "<group>"; };
/* End PBXFileReference section */

/* Begin PBXFrameworksBuildPhase section */
		576341F420C2012B00D612BF /* Frameworks */ = {
			isa = PBXFrameworksBuildPhase;
			buildActionMask = 2147483647;
			files = (
			);
			runOnlyForDeploymentPostprocessing = 0;
		};
		5763420820C2012C00D612BF /* Frameworks */ = {
			isa = PBXFrameworksBuildPhase;
			buildActionMask = 2147483647;
			files = (
			);
			runOnlyForDeploymentPostprocessing = 0;
		};
		5763421320C2012C00D612BF /* Frameworks */ = {
			isa = PBXFrameworksBuildPhase;
			buildActionMask = 2147483647;
			files = (
			);
			runOnlyForDeploymentPostprocessing = 0;
		};
/* End PBXFrameworksBuildPhase section */

/* Begin PBXGroup section */
		576341EE20C2012B00D612BF = {
			isa = PBXGroup;
			children = (
				576341F920C2012B00D612BF /* CampeoesDasCopas */,
				5763420E20C2012C00D612BF /* CampeoesDasCopasTests */,
				5763421920C2012C00D612BF /* CampeoesDasCopasUITests */,
				576341F820C2012B00D612BF /* Products */,
			);
			sourceTree = "<group>";
		};
		576341F820C2012B00D612BF /* Products */ = {
			isa = PBXGroup;
			children = (
				576341F720C2012B00D612BF /* CampeoesDasCopas.app */,
				5763420B20C2012C00D612BF /* CampeoesDasCopasTests.xctest */,
				5763421620C2012C00D612BF /* CampeoesDasCopasUITests.xctest */,
			);
			name = Products;
			sourceTree = "<group>";
		};
		576341F920C2012B00D612BF /* CampeoesDasCopas */ = {
			isa = PBXGroup;
			children = (
				576341FA20C2012B00D612BF /* AppDelegate.swift */,
				576341FC20C2012B00D612BF /* ViewController.swift */,
				576341FE20C2012B00D612BF /* Main.storyboard */,
				5763420120C2012B00D612BF /* Assets.xcassets */,
				5763420320C2012B00D612BF /* LaunchScreen.storyboard */,
				5763420620C2012B00D612BF /* Info.plist */,
			);
			path = CampeoesDasCopas;
			sourceTree = "<group>";
		};
		5763420E20C2012C00D612BF /* CampeoesDasCopasTests */ = {
			isa = PBXGroup;
			children = (
				5763420F20C2012C00D612BF /* CampeoesDasCopasTests.swift */,
				5763421120C2012C00D612BF /* Info.plist */,
			);
			path = CampeoesDasCopasTests;
			sourceTree = "<group>";
		};
		5763421920C2012C00D612BF /* CampeoesDasCopasUITests */ = {
			isa = PBXGroup;
			children = (
				5763421A20C2012C00D612BF /* CampeoesDasCopasUITests.swift */,
				5763421C20C2012C00D612BF /* Info.plist */,
			);
			path = CampeoesDasCopasUITests;
			sourceTree = "<group>";
		};
/* End PBXGroup section */

/* Begin PBXNativeTarget section */
		576341F620C2012B00D612BF /* CampeoesDasCopas */ = {
			isa = PBXNativeTarget;
			buildConfigurationList = 5763421F20C2012C00D612BF /* Build configuration list for PBXNativeTarget "CampeoesDasCopas" */;
			buildPhases = (
				576341F320C2012B00D612BF /* Sources */,
				576341F420C2012B00D612BF /* Frameworks */,
				576341F520C2012B00D612BF /* Resources */,
			);
			buildRules = (
			);
			dependencies = (
			);
			name = CampeoesDasCopas;
			productName = CampeoesDasCopas;
			productReference = 576341F720C2012B00D612BF /* CampeoesDasCopas.app */;
			productType = "com.apple.product-type.application";
		};
		5763420A20C2012C00D612BF /* CampeoesDasCopasTests */ = {
			isa = PBXNativeTarget;
			buildConfigurationList = 5763422220C2012C00D612BF /* Build configuration list for PBXNativeTarget "CampeoesDasCopasTests" */;
			buildPhases = (
				5763420720C2012C00D612BF /* Sources */,
				5763420820C2012C00D612BF /* Frameworks */,
				5763420920C2012C00D612BF /* Resources */,
			);
			buildRules = (
			);
			dependencies = (
				5763420D20C2012C00D612BF /* PBXTargetDependency */,
			);
			name = CampeoesDasCopasTests;
			productName = CampeoesDasCopasTests;
			productReference = 5763420B20C2012C00D612BF /* CampeoesDasCopasTests.xctest */;
			productType = "com.apple.product-type.bundle.unit-test";
		};
		5763421520C2012C00D612BF /* CampeoesDasCopasUITests */ = {
			isa = PBXNativeTarget;
			buildConfigurationList = 5763422520C2012C00D612BF /* Build configuration list for PBXNativeTarget "CampeoesDasCopasUITests" */;
			buildPhases = (
				5763421220C2012C00D612BF /* Sources */,
				5763421320C2012C00D612BF /* Frameworks */,
				5763421420C2012C00D612BF /* Resources */,
			);
			buildRules = (
			);
			dependencies = (
				5763421820C2012C00D612BF /* PBXTargetDependency */,
			);
			name = CampeoesDasCopasUITests;
			productName = CampeoesDasCopasUITests;
			productReference = 5763421620C2012C00D612BF /* CampeoesDasCopasUITests.xctest */;
			productType = "com.apple.product-type.bundle.ui-testing";
		};
/* End PBXNativeTarget section */

/* Begin PBXProject section */
		576341EF20C2012B00D612BF /* Project object */ = {
			isa = PBXProject;
			attributes = {
				LastSwiftUpdateCheck = 0930;
				LastUpgradeCheck = 0930;
				ORGANIZATIONNAME = aluno;
				TargetAttributes = {
					576341F620C2012B00D612BF = {
						CreatedOnToolsVersion = 9.3;
					};
					5763420A20C2012C00D612BF = {
						CreatedOnToolsVersion = 9.3;
						TestTargetID = 576341F620C2012B00D612BF;
					};
					5763421520C2012C00D612BF = {
						CreatedOnToolsVersion = 9.3;
						TestTargetID = 576341F620C2012B00D612BF;
					};
				};
			};
			buildConfigurationList = 576341F220C2012B00D612BF /* Build configuration list for PBXProject "CampeoesDasCopas" */;
			compatibilityVersion = "Xcode 9.3";
			developmentRegion = en;
			hasScannedForEncodings = 0;
			knownRegions = (
				en,
				Base,
			);
			mainGroup = 576341EE20C2012B00D612BF;
			productRefGroup = 576341F820C2012B00D612BF /* Products */;
			projectDirPath = "";
			projectRoot = "";
			targets = (
				576341F620C2012B00D612BF /* CampeoesDasCopas */,
				5763420A20C2012C00D612BF /* CampeoesDasCopasTests */,
				5763421520C2012C00D612BF /* CampeoesDasCopasUITests */,
			);
		};
/* End PBXProject section */

/* Begin PBXResourcesBuildPhase section */
		576341F520C2012B00D612BF /* Resources */ = {
			isa = PBXResourcesBuildPhase;
			buildActionMask = 2147483647;
			files = (
				5763420520C2012B00D612BF /* LaunchScreen.storyboard in Resources */,
				5763420220C2012B00D612BF /* Assets.xcassets in Resources */,
				5763420020C2012B00D612BF /* Main.storyboard in Resources */,
			);
			runOnlyForDeploymentPostprocessing = 0;
		};
		5763420920C2012C00D612BF /* Resources */ = {
			isa = PBXResourcesBuildPhase;
			buildActionMask = 2147483647;
			files = (
			);
			runOnlyForDeploymentPostprocessing = 0;
		};
		5763421420C2012C00D612BF /* Resources */ = {
			isa = PBXResourcesBuildPhase;
			buildActionMask = 2147483647;
			files = (
			);
			runOnlyForDeploymentPostprocessing = 0;
		};
/* End PBXResourcesBuildPhase section */

/* Begin PBXSourcesBuildPhase section */
		576341F320C2012B00D612BF /* Sources */ = {
			isa = PBXSourcesBuildPhase;
			buildActionMask = 2147483647;
			files = (
				576341FD20C2012B00D612BF /* ViewController.swift in Sources */,
				576341FB20C2012B00D612BF /* AppDelegate.swift in Sources */,
			);
			runOnlyForDeploymentPostprocessing = 0;
		};
		5763420720C2012C00D612BF /* Sources */ = {
			isa = PBXSourcesBuildPhase;
			buildActionMask = 2147483647;
			files = (
				5763421020C2012C00D612BF /* CampeoesDasCopasTests.swift in Sources */,
			);
			runOnlyForDeploymentPostprocessing = 0;
		};
		5763421220C2012C00D612BF /* Sources */ = {
			isa = PBXSourcesBuildPhase;
			buildActionMask = 2147483647;
			files = (
				5763421B20C2012C00D612BF /* CampeoesDasCopasUITests.swift in Sources */,
			);
			runOnlyForDeploymentPostprocessing = 0;
		};
/* End PBXSourcesBuildPhase section */

/* Begin PBXTargetDependency section */
		5763420D20C2012C00D612BF /* PBXTargetDependency */ = {
			isa = PBXTargetDependency;
			target = 576341F620C2012B00D612BF /* CampeoesDasCopas */;
			targetProxy = 5763420C20C2012C00D612BF /* PBXContainerItemProxy */;
		};
		5763421820C2012C00D612BF /* PBXTargetDependency */ = {
			isa = PBXTargetDependency;
			target = 576341F620C2012B00D612BF /* CampeoesDasCopas */;
			targetProxy = 5763421720C2012C00D612BF /* PBXContainerItemProxy */;
		};
/* End PBXTargetDependency section */

/* Begin PBXVariantGroup section */
		576341FE20C2012B00D612BF /* Main.storyboard */ = {
			isa = PBXVariantGroup;
			children = (
				576341FF20C2012B00D612BF /* Base */,
			);
			name = Main.storyboard;
			sourceTree = "<group>";
		};
		5763420320C2012B00D612BF /* LaunchScreen.storyboard */ = {
			isa = PBXVariantGroup;
			children = (
				5763420420C2012B00D612BF /* Base */,
			);
			name = LaunchScreen.storyboard;
			sourceTree = "<group>";
		};
/* End PBXVariantGroup section */

/* Begin XCBuildConfiguration section */
		5763421D20C2012C00D612BF /* Debug */ = {
			isa = XCBuildConfiguration;
			buildSettings = {
				ALWAYS_SEARCH_USER_PATHS = NO;
				CLANG_ANALYZER_NONNULL = YES;
				CLANG_ANALYZER_NUMBER_OBJECT_CONVERSION = YES_AGGRESSIVE;
				CLANG_CXX_LANGUAGE_STANDARD = "gnu++14";
				CLANG_CXX_LIBRARY = "libc++";
				CLANG_ENABLE_MODULES = YES;
				CLANG_ENABLE_OBJC_ARC = YES;
				CLANG_ENABLE_OBJC_WEAK = YES;
				CLANG_WARN_BLOCK_CAPTURE_AUTORELEASING = YES;
				CLANG_WARN_BOOL_CONVERSION = YES;
				CLANG_WARN_COMMA = YES;
				CLANG_WARN_CONSTANT_CONVERSION = YES;
				CLANG_WARN_DEPRECATED_OBJC_IMPLEMENTATIONS = YES;
				CLANG_WARN_DIRECT_OBJC_ISA_USAGE = YES_ERROR;
				CLANG_WARN_DOCUMENTATION_COMMENTS = YES;
				CLANG_WARN_EMPTY_BODY = YES;
				CLANG_WARN_ENUM_CONVERSION = YES;
				CLANG_WARN_INFINITE_RECURSION = YES;
				CLANG_WARN_INT_CONVERSION = YES;
				CLANG_WARN_NON_LITERAL_NULL_CONVERSION = YES;
				CLANG_WARN_OBJC_IMPLICIT_RETAIN_SELF = YES;
				CLANG_WARN_OBJC_LITERAL_CONVERSION = YES;
				CLANG_WARN_OBJC_ROOT_CLASS = YES_ERROR;
				CLANG_WARN_RANGE_LOOP_ANALYSIS = YES;
				CLANG_WARN_STRICT_PROTOTYPES = YES;
				CLANG_WARN_SUSPICIOUS_MOVE = YES;
				CLANG_WARN_UNGUARDED_AVAILABILITY = YES_AGGRESSIVE;
				CLANG_WARN_UNREACHABLE_CODE = YES;
				CLANG_WARN__DUPLICATE_METHOD_MATCH = YES;
				CODE_SIGN_IDENTITY = "iPhone Developer";
				COPY_PHASE_STRIP = NO;
				DEBUG_INFORMATION_FORMAT = dwarf;
				ENABLE_STRICT_OBJC_MSGSEND = YES;
				ENABLE_TESTABILITY = YES;
				GCC_C_LANGUAGE_STANDARD = gnu11;
				GCC_DYNAMIC_NO_PIC = NO;
				GCC_NO_COMMON_BLOCKS = YES;
				GCC_OPTIMIZATION_LEVEL = 0;
				GCC_PREPROCESSOR_DEFINITIONS = (
					"DEBUG=1",
					"$(inherited)",
				);
				GCC_WARN_64_TO_32_BIT_CONVERSION = YES;
				GCC_WARN_ABOUT_RETURN_TYPE = YES_ERROR;
				GCC_WARN_UNDECLARED_SELECTOR = YES;
				GCC_WARN_UNINITIALIZED_AUTOS = YES_AGGRESSIVE;
				GCC_WARN_UNUSED_FUNCTION = YES;
				GCC_WARN_UNUSED_VARIABLE = YES;
				IPHONEOS_DEPLOYMENT_TARGET = 11.3;
				MTL_ENABLE_DEBUG_INFO = YES;
				ONLY_ACTIVE_ARCH = YES;
				SDKROOT = iphoneos;
				SWIFT_ACTIVE_COMPILATION_CONDITIONS = DEBUG;
				SWIFT_OPTIMIZATION_LEVEL = "-Onone";
			};
			name = Debug;
		};
		5763421E20C2012C00D612BF /* Release */ = {
			isa = XCBuildConfiguration;
			buildSettings = {
				ALWAYS_SEARCH_USER_PATHS = NO;
				CLANG_ANALYZER_NONNULL = YES;
				CLANG_ANALYZER_NUMBER_OBJECT_CONVERSION = YES_AGGRESSIVE;
				CLANG_CXX_LANGUAGE_STANDARD = "gnu++14";
				CLANG_CXX_LIBRARY = "libc++";
				CLANG_ENABLE_MODULES = YES;
				CLANG_ENABLE_OBJC_ARC = YES;
				CLANG_ENABLE_OBJC_WEAK = YES;
				CLANG_WARN_BLOCK_CAPTURE_AUTORELEASING = YES;
				CLANG_WARN_BOOL_CONVERSION = YES;
				CLANG_WARN_COMMA = YES;
				CLANG_WARN_CONSTANT_CONVERSION = YES;
				CLANG_WARN_DEPRECATED_OBJC_IMPLEMENTATIONS = YES;
				CLANG_WARN_DIRECT_OBJC_ISA_USAGE = YES_ERROR;
				CLANG_WARN_DOCUMENTATION_COMMENTS = YES;
				CLANG_WARN_EMPTY_BODY = YES;
				CLANG_WARN_ENUM_CONVERSION = YES;
				CLANG_WARN_INFINITE_RECURSION = YES;
				CLANG_WARN_INT_CONVERSION = YES;
				CLANG_WARN_NON_LITERAL_NULL_CONVERSION = YES;
				CLANG_WARN_OBJC_IMPLICIT_RETAIN_SELF = YES;
				CLANG_WARN_OBJC_LITERAL_CONVERSION = YES;
				CLANG_WARN_OBJC_ROOT_CLASS = YES_ERROR;
				CLANG_WARN_RANGE_LOOP_ANALYSIS = YES;
				CLANG_WARN_STRICT_PROTOTYPES = YES;
				CLANG_WARN_SUSPICIOUS_MOVE = YES;
				CLANG_WARN_UNGUARDED_AVAILABILITY = YES_AGGRESSIVE;
				CLANG_WARN_UNREACHABLE_CODE = YES;
				CLANG_WARN__DUPLICATE_METHOD_MATCH = YES;
				CODE_SIGN_IDENTITY = "iPhone Developer";
				COPY_PHASE_STRIP = NO;
				DEBUG_INFORMATION_FORMAT = "dwarf-with-dsym";
				ENABLE_NS_ASSERTIONS = NO;
				ENABLE_STRICT_OBJC_MSGSEND = YES;
				GCC_C_LANGUAGE_STANDARD = gnu11;
				GCC_NO_COMMON_BLOCKS = YES;
				GCC_WARN_64_TO_32_BIT_CONVERSION = YES;
				GCC_WARN_ABOUT_RETURN_TYPE = YES_ERROR;
				GCC_WARN_UNDECLARED_SELECTOR = YES;
				GCC_WARN_UNINITIALIZED_AUTOS = YES_AGGRESSIVE;
				GCC_WARN_UNUSED_FUNCTION = YES;
				GCC_WARN_UNUSED_VARIABLE = YES;
				IPHONEOS_DEPLOYMENT_TARGET = 11.3;
				MTL_ENABLE_DEBUG_INFO = NO;
				SDKROOT = iphoneos;
				SWIFT_COMPILATION_MODE = wholemodule;
				SWIFT_OPTIMIZATION_LEVEL = "-O";
				VALIDATE_PRODUCT = YES;
			};
			name = Release;
		};
		5763422020C2012C00D612BF /* Debug */ = {
			isa = XCBuildConfiguration;
			buildSettings = {
				ASSETCATALOG_COMPILER_APPICON_NAME = AppIcon;
				CODE_SIGN_STYLE = Automatic;
				INFOPLIST_FILE = CampeoesDasCopas/Info.plist;
				LD_RUNPATH_SEARCH_PATHS = (
					"$(inherited)",
					"@executable_path/Frameworks",
				);
				PRODUCT_BUNDLE_IDENTIFIER = br.org.cesar.CampeoesDasCopas;
				PRODUCT_NAME = "$(TARGET_NAME)";
				SWIFT_VERSION = 4.0;
				TARGETED_DEVICE_FAMILY = "1,2";
			};
			name = Debug;
		};
		5763422120C2012C00D612BF /* Release */ = {
			isa = XCBuildConfiguration;
			buildSettings = {
				ASSETCATALOG_COMPILER_APPICON_NAME = AppIcon;
				CODE_SIGN_STYLE = Automatic;
				INFOPLIST_FILE = CampeoesDasCopas/Info.plist;
				LD_RUNPATH_SEARCH_PATHS = (
					"$(inherited)",
					"@executable_path/Frameworks",
				);
				PRODUCT_BUNDLE_IDENTIFIER = br.org.cesar.CampeoesDasCopas;
				PRODUCT_NAME = "$(TARGET_NAME)";
				SWIFT_VERSION = 4.0;
				TARGETED_DEVICE_FAMILY = "1,2";
			};
			name = Release;
		};
		5763422320C2012C00D612BF /* Debug */ = {
			isa = XCBuildConfiguration;
			buildSettings = {
				ALWAYS_EMBED_SWIFT_STANDARD_LIBRARIES = YES;
				BUNDLE_LOADER = "$(TEST_HOST)";
				CODE_SIGN_STYLE = Automatic;
				INFOPLIST_FILE = CampeoesDasCopasTests/Info.plist;
				LD_RUNPATH_SEARCH_PATHS = (
					"$(inherited)",
					"@executable_path/Frameworks",
					"@loader_path/Frameworks",
				);
				PRODUCT_BUNDLE_IDENTIFIER = br.org.cesar.CampeoesDasCopasTests;
				PRODUCT_NAME = "$(TARGET_NAME)";
				SWIFT_VERSION = 4.0;
				TARGETED_DEVICE_FAMILY = "1,2";
				TEST_HOST = "$(BUILT_PRODUCTS_DIR)/CampeoesDasCopas.app/CampeoesDasCopas";
			};
			name = Debug;
		};
		5763422420C2012C00D612BF /* Release */ = {
			isa = XCBuildConfiguration;
			buildSettings = {
				ALWAYS_EMBED_SWIFT_STANDARD_LIBRARIES = YES;
				BUNDLE_LOADER = "$(TEST_HOST)";
				CODE_SIGN_STYLE = Automatic;
				INFOPLIST_FILE = CampeoesDasCopasTests/Info.plist;
				LD_RUNPATH_SEARCH_PATHS = (
					"$(inherited)",
					"@executable_path/Frameworks",
					"@loader_path/Frameworks",
				);
				PRODUCT_BUNDLE_IDENTIFIER = br.org.cesar.CampeoesDasCopasTests;
				PRODUCT_NAME = "$(TARGET_NAME)";
				SWIFT_VERSION = 4.0;
				TARGETED_DEVICE_FAMILY = "1,2";
				TEST_HOST = "$(BUILT_PRODUCTS_DIR)/CampeoesDasCopas.app/CampeoesDasCopas";
			};
			name = Release;
		};
		5763422620C2012C00D612BF /* Debug */ = {
			isa = XCBuildConfiguration;
			buildSettings = {
				ALWAYS_EMBED_SWIFT_STANDARD_LIBRARIES = YES;
				CODE_SIGN_STYLE = Automatic;
				INFOPLIST_FILE = CampeoesDasCopasUITests/Info.plist;
				LD_RUNPATH_SEARCH_PATHS = (
					"$(inherited)",
					"@executable_path/Frameworks",
					"@loader_path/Frameworks",
				);
				PRODUCT_BUNDLE_IDENTIFIER = br.org.cesar.CampeoesDasCopasUITests;
				PRODUCT_NAME = "$(TARGET_NAME)";
				SWIFT_VERSION = 4.0;
				TARGETED_DEVICE_FAMILY = "1,2";
				TEST_TARGET_NAME = CampeoesDasCopas;
			};
			name = Debug;
		};
		5763422720C2012C00D612BF /* Release */ = {
			isa = XCBuildConfiguration;
			buildSettings = {
				ALWAYS_EMBED_SWIFT_STANDARD_LIBRARIES = YES;
				CODE_SIGN_STYLE = Automatic;
				INFOPLIST_FILE = CampeoesDasCopasUITests/Info.plist;
				LD_RUNPATH_SEARCH_PATHS = (
					"$(inherited)",
					"@executable_path/Frameworks",
					"@loader_path/Frameworks",
				);
				PRODUCT_BUNDLE_IDENTIFIER = br.org.cesar.CampeoesDasCopasUITests;
				PRODUCT_NAME = "$(TARGET_NAME)";
				SWIFT_VERSION = 4.0;
				TARGETED_DEVICE_FAMILY = "1,2";
				TEST_TARGET_NAME = CampeoesDasCopas;
			};
			name = Release;
		};
/* End XCBuildConfiguration section */

/* Begin XCConfigurationList section */
		576341F220C2012B00D612BF /* Build configuration list for PBXProject "CampeoesDasCopas" */ = {
			isa = XCConfigurationList;
			buildConfigurations = (
				5763421D20C2012C00D612BF /* Debug */,
				5763421E20C2012C00D612BF /* Release */,
			);
			defaultConfigurationIsVisible = 0;
			defaultConfigurationName = Release;
		};
		5763421F20C2012C00D612BF /* Build configuration list for PBXNativeTarget "CampeoesDasCopas" */ = {
			isa = XCConfigurationList;
			buildConfigurations = (
				5763422020C2012C00D612BF /* Debug */,
				5763422120C2012C00D612BF /* Release */,
			);
			defaultConfigurationIsVisible = 0;
			defaultConfigurationName = Release;
		};
		5763422220C2012C00D612BF /* Build configuration list for PBXNativeTarget "CampeoesDasCopasTests" */ = {
			isa = XCConfigurationList;
			buildConfigurations = (
				5763422320C2012C00D612BF /* Debug */,
				5763422420C2012C00D612BF /* Release */,
			);
			defaultConfigurationIsVisible = 0;
			defaultConfigurationName = Release;
		};
		5763422520C2012C00D612BF /* Build configuration list for PBXNativeTarget "CampeoesDasCopasUITests" */ = {
			isa = XCConfigurationList;
			buildConfigurations = (
				5763422620C2012C00D612BF /* Debug */,
				5763422720C2012C00D612BF /* Release */,
			);
			defaultConfigurationIsVisible = 0;
			defaultConfigurationName = Release;
		};
/* End XCConfigurationList section */
	};
	rootObject = 576341EF20C2012B00D612BF /* Project object */;
}
